{
  "name": "rtv",
  "version": "1.0.0",
  "lockfileVersion": 3,
  "requires": true,
  "packages": {
    "": {
      "name": "rtv",
      "version": "1.0.0",
      "license": "ISC",
      "dependencies": {
        "make-promises-safe": "^5.1.0",
        "replicate": "github:replicate/replicate-javascript#deployments"
      }
    },
    "node_modules/make-promises-safe": {
      "version": "5.1.0",
      "resolved": "https://registry.npmjs.org/make-promises-safe/-/make-promises-safe-5.1.0.tgz",
      "integrity": "sha512-AfdZ49rtyhQR/6cqVKGoH7y4ql7XkS5HJI1lZm0/5N6CQosy1eYbBJ/qbhkKHzo17UH7M918Bysf6XB9f3kS1g=="
    },
    "node_modules/replicate": {
      "version": "0.12.1",
      "resolved": "git+ssh://git@github.com/replicate/replicate-javascript.git#dfe88fb078e2528ba7da862d039043983e06cd02",
      "license": "Apache-2.0"
    }
  }
}
