{
  "name": "rtv",
  "version": "1.0.0",
  "lockfileVersion": 3,
  "requires": true,
  "packages": {
    "": {
      "name": "rtv",
      "version": "1.0.0",
      "license": "ISC",
      "dependencies": {
        "make-promises-safe": "^5.1.0"
      }
    },
    "node_modules/make-promises-safe": {
      "version": "5.1.0",
      "resolved": "https://registry.npmjs.org/make-promises-safe/-/make-promises-safe-5.1.0.tgz",
      "integrity": "sha512-AfdZ49rtyhQR/6cqVKGoH7y4ql7XkS5HJI1lZm0/5N6CQosy1eYbBJ/qbhkKHzo17UH7M918Bysf6XB9f3kS1g=="
    }
  }
}
